// !$*UTF8*$!
{
	archiveVersion = 1;
	classes = {
	};
	objectVersion = 56;
	objects = {

/* Begin PBXBuildFile section */
		205BE66B2BD478C700B319FA /* Assets.xcassets in Resources */ = {isa = PBXBuildFile; fileRef = 205BE66A2BD478C700B319FA /* Assets.xcassets */; };
		20691A332BCC660B00C61A37 /* UIColor + ext.swift in Sources */ = {isa = PBXBuildFile; fileRef = 20691A322BCC660B00C61A37 /* UIColor + ext.swift */; };
		20691A352BCC662000C61A37 /* UIView + ext.swift in Sources */ = {isa = PBXBuildFile; fileRef = 20691A342BCC662000C61A37 /* UIView + ext.swift */; };
		20691A3A2BCC666A00C61A37 /* Resouces.swift in Sources */ = {isa = PBXBuildFile; fileRef = 20691A392BCC666A00C61A37 /* Resouces.swift */; };
		20691A3F2BCC683F00C61A37 /* TimerView.swift in Sources */ = {isa = PBXBuildFile; fileRef = 20691A3E2BCC683F00C61A37 /* TimerView.swift */; };
		20691A412BCC686100C61A37 /* ProgressView.swift in Sources */ = {isa = PBXBuildFile; fileRef = 20691A402BCC686100C61A37 /* ProgressView.swift */; };
		20691A432BCC687A00C61A37 /* PercentView.swift in Sources */ = {isa = PBXBuildFile; fileRef = 20691A422BCC687A00C61A37 /* PercentView.swift */; };
		20691A472BCC68E400C61A37 /* StatsView.swift in Sources */ = {isa = PBXBuildFile; fileRef = 20691A462BCC68E400C61A37 /* StatsView.swift */; };
		20691A4A2BCC693700C61A37 /* StepsView.swift in Sources */ = {isa = PBXBuildFile; fileRef = 20691A492BCC693600C61A37 /* StepsView.swift */; };
		20691A4E2BCC6E8600C61A37 /* WABarView.swift in Sources */ = {isa = PBXBuildFile; fileRef = 20691A4D2BCC6E8600C61A37 /* WABarView.swift */; };
		20691A502BCC6EAA00C61A37 /* WABarsView.swift in Sources */ = {isa = PBXBuildFile; fileRef = 20691A4F2BCC6EAA00C61A37 /* WABarsView.swift */; };
		20691A522BCC6ECD00C61A37 /* WABaseInfoView.swift in Sources */ = {isa = PBXBuildFile; fileRef = 20691A512BCC6ECD00C61A37 /* WABaseInfoView.swift */; };
		20691A542BCC6EE400C61A37 /* WAButton.swift in Sources */ = {isa = PBXBuildFile; fileRef = 20691A532BCC6EE400C61A37 /* WAButton.swift */; };
		20691A592BCC702800C61A37 /* WABaseView.swift in Sources */ = {isa = PBXBuildFile; fileRef = 20691A582BCC702800C61A37 /* WABaseView.swift */; };
		20691A5B2BCC716000C61A37 /* WABaseController.swift in Sources */ = {isa = PBXBuildFile; fileRef = 20691A5A2BCC716000C61A37 /* WABaseController.swift */; };
		20691A5D2BCC71E400C61A37 /* StatsItemView.swift in Sources */ = {isa = PBXBuildFile; fileRef = 20691A5C2BCC71E400C61A37 /* StatsItemView.swift */; };
		207F6B0C2BC8780900ABC1A8 /* AppDelegate.swift in Sources */ = {isa = PBXBuildFile; fileRef = 207F6B0B2BC8780900ABC1A8 /* AppDelegate.swift */; };
		207F6B0E2BC8780900ABC1A8 /* SceneDelegate.swift in Sources */ = {isa = PBXBuildFile; fileRef = 207F6B0D2BC8780900ABC1A8 /* SceneDelegate.swift */; };
		207F6B102BC8780900ABC1A8 /* SessionController.swift in Sources */ = {isa = PBXBuildFile; fileRef = 207F6B0F2BC8780900ABC1A8 /* SessionController.swift */; };
		207F6B182BC8780A00ABC1A8 /* LaunchScreen.storyboard in Resources */ = {isa = PBXBuildFile; fileRef = 207F6B162BC8780A00ABC1A8 /* LaunchScreen.storyboard */; };
		207F6B222BC8784D00ABC1A8 /* SecondViewController.swift in Sources */ = {isa = PBXBuildFile; fileRef = 207F6B1F2BC8784D00ABC1A8 /* SecondViewController.swift */; };
		207F6B232BC8784D00ABC1A8 /* CustomTabBarController.swift in Sources */ = {isa = PBXBuildFile; fileRef = 207F6B202BC8784D00ABC1A8 /* CustomTabBarController.swift */; };
		207F6B242BC8784D00ABC1A8 /* CustomTabBar.swift in Sources */ = {isa = PBXBuildFile; fileRef = 207F6B212BC8784D00ABC1A8 /* CustomTabBar.swift */; };
		207F6B262BC8785B00ABC1A8 /* PlusButton.swift in Sources */ = {isa = PBXBuildFile; fileRef = 207F6B252BC8785B00ABC1A8 /* PlusButton.swift */; };
		20AD863E2BD5AF6D0025BA83 /* MTUserDefaults.swift in Sources */ = {isa = PBXBuildFile; fileRef = 20AD863D2BD5AF6D0025BA83 /* MTUserDefaults.swift */; };
/* End PBXBuildFile section */

/* Begin PBXFileReference section */
		205BE66A2BD478C700B319FA /* Assets.xcassets */ = {isa = PBXFileReference; lastKnownFileType = folder.assetcatalog; name = Assets.xcassets; path = ../ViewControllers/Assets.xcassets; sourceTree = "<group>"; };
		20691A322BCC660B00C61A37 /* UIColor + ext.swift */ = {isa = PBXFileReference; lastKnownFileType = sourcecode.swift; path = "UIColor + ext.swift"; sourceTree = "<group>"; };
		20691A342BCC662000C61A37 /* UIView + ext.swift */ = {isa = PBXFileReference; lastKnownFileType = sourcecode.swift; path = "UIView + ext.swift"; sourceTree = "<group>"; };
		20691A392BCC666A00C61A37 /* Resouces.swift */ = {isa = PBXFileReference; lastKnownFileType = sourcecode.swift; path = Resouces.swift; sourceTree = "<group>"; };
		20691A3E2BCC683F00C61A37 /* TimerView.swift */ = {isa = PBXFileReference; lastKnownFileType = sourcecode.swift; path = TimerView.swift; sourceTree = "<group>"; };
		20691A402BCC686100C61A37 /* ProgressView.swift */ = {isa = PBXFileReference; lastKnownFileType = sourcecode.swift; path = ProgressView.swift; sourceTree = "<group>"; };
		20691A422BCC687A00C61A37 /* PercentView.swift */ = {isa = PBXFileReference; lastKnownFileType = sourcecode.swift; path = PercentView.swift; sourceTree = "<group>"; };
		20691A462BCC68E400C61A37 /* StatsView.swift */ = {isa = PBXFileReference; lastKnownFileType = sourcecode.swift; path = StatsView.swift; sourceTree = "<group>"; };
		20691A492BCC693600C61A37 /* StepsView.swift */ = {isa = PBXFileReference; lastKnownFileType = sourcecode.swift; path = StepsView.swift; sourceTree = "<group>"; };
		20691A4D2BCC6E8600C61A37 /* WABarView.swift */ = {isa = PBXFileReference; lastKnownFileType = sourcecode.swift; path = WABarView.swift; sourceTree = "<group>"; };
		20691A4F2BCC6EAA00C61A37 /* WABarsView.swift */ = {isa = PBXFileReference; lastKnownFileType = sourcecode.swift; path = WABarsView.swift; sourceTree = "<group>"; };
		20691A512BCC6ECD00C61A37 /* WABaseInfoView.swift */ = {isa = PBXFileReference; lastKnownFileType = sourcecode.swift; path = WABaseInfoView.swift; sourceTree = "<group>"; };
		20691A532BCC6EE400C61A37 /* WAButton.swift */ = {isa = PBXFileReference; lastKnownFileType = sourcecode.swift; path = WAButton.swift; sourceTree = "<group>"; };
		20691A582BCC702800C61A37 /* WABaseView.swift */ = {isa = PBXFileReference; lastKnownFileType = sourcecode.swift; path = WABaseView.swift; sourceTree = "<group>"; };
		20691A5A2BCC716000C61A37 /* WABaseController.swift */ = {isa = PBXFileReference; lastKnownFileType = sourcecode.swift; path = WABaseController.swift; sourceTree = "<group>"; };
		20691A5C2BCC71E400C61A37 /* StatsItemView.swift */ = {isa = PBXFileReference; lastKnownFileType = sourcecode.swift; path = StatsItemView.swift; sourceTree = "<group>"; };
		207F6B082BC8780900ABC1A8 /* SpeedTestNew.app */ = {isa = PBXFileReference; explicitFileType = wrapper.application; includeInIndex = 0; path = SpeedTestNew.app; sourceTree = BUILT_PRODUCTS_DIR; };
		207F6B0B2BC8780900ABC1A8 /* AppDelegate.swift */ = {isa = PBXFileReference; lastKnownFileType = sourcecode.swift; path = AppDelegate.swift; sourceTree = "<group>"; };
		207F6B0D2BC8780900ABC1A8 /* SceneDelegate.swift */ = {isa = PBXFileReference; lastKnownFileType = sourcecode.swift; path = SceneDelegate.swift; sourceTree = "<group>"; };
		207F6B0F2BC8780900ABC1A8 /* SessionController.swift */ = {isa = PBXFileReference; lastKnownFileType = sourcecode.swift; path = SessionController.swift; sourceTree = "<group>"; };
		207F6B172BC8780A00ABC1A8 /* Base */ = {isa = PBXFileReference; lastKnownFileType = file.storyboard; name = Base; path = Base.lproj/LaunchScreen.storyboard; sourceTree = "<group>"; };
		207F6B192BC8780A00ABC1A8 /* Info.plist */ = {isa = PBXFileReference; lastKnownFileType = text.plist.xml; path = Info.plist; sourceTree = "<group>"; };
		207F6B1F2BC8784D00ABC1A8 /* SecondViewController.swift */ = {isa = PBXFileReference; fileEncoding = 4; lastKnownFileType = sourcecode.swift; path = SecondViewController.swift; sourceTree = "<group>"; };
		207F6B202BC8784D00ABC1A8 /* CustomTabBarController.swift */ = {isa = PBXFileReference; fileEncoding = 4; lastKnownFileType = sourcecode.swift; path = CustomTabBarController.swift; sourceTree = "<group>"; };
		207F6B212BC8784D00ABC1A8 /* CustomTabBar.swift */ = {isa = PBXFileReference; fileEncoding = 4; lastKnownFileType = sourcecode.swift; path = CustomTabBar.swift; sourceTree = "<group>"; };
		207F6B252BC8785B00ABC1A8 /* PlusButton.swift */ = {isa = PBXFileReference; fileEncoding = 4; lastKnownFileType = sourcecode.swift; path = PlusButton.swift; sourceTree = "<group>"; };
		20AD863D2BD5AF6D0025BA83 /* MTUserDefaults.swift */ = {isa = PBXFileReference; lastKnownFileType = sourcecode.swift; path = MTUserDefaults.swift; sourceTree = "<group>"; };
/* End PBXFileReference section */

/* Begin PBXFrameworksBuildPhase section */
		207F6B052BC8780900ABC1A8 /* Frameworks */ = {
			isa = PBXFrameworksBuildPhase;
			buildActionMask = 2147483647;
			files = (
			);
			runOnlyForDeploymentPostprocessing = 0;
		};
/* End PBXFrameworksBuildPhase section */

/* Begin PBXGroup section */
		20691A312BCC65EB00C61A37 /* Extension */ = {
			isa = PBXGroup;
			children = (
				20691A322BCC660B00C61A37 /* UIColor + ext.swift */,
				20691A342BCC662000C61A37 /* UIView + ext.swift */,
			);
			path = Extension;
			sourceTree = "<group>";
		};
		20691A382BCC665500C61A37 /* Helpers */ = {
			isa = PBXGroup;
			children = (
				20691A392BCC666A00C61A37 /* Resouces.swift */,
			);
			path = Helpers;
			sourceTree = "<group>";
		};
		20691A3B2BCC680500C61A37 /* Session */ = {
			isa = PBXGroup;
			children = (
				20691A3C2BCC681900C61A37 /* Views */,
			);
			path = Session;
			sourceTree = "<group>";
		};
		20691A3C2BCC681900C61A37 /* Views */ = {
			isa = PBXGroup;
			children = (
				20691A3D2BCC682E00C61A37 /* Timer */,
				20691A442BCC689200C61A37 /* Stats */,
				20691A482BCC691E00C61A37 /* Steps */,
			);
			path = Views;
			sourceTree = "<group>";
		};
		20691A3D2BCC682E00C61A37 /* Timer */ = {
			isa = PBXGroup;
			children = (
				20691A3E2BCC683F00C61A37 /* TimerView.swift */,
				20691A402BCC686100C61A37 /* ProgressView.swift */,
				20691A422BCC687A00C61A37 /* PercentView.swift */,
			);
			path = Timer;
			sourceTree = "<group>";
		};
		20691A442BCC689200C61A37 /* Stats */ = {
			isa = PBXGroup;
			children = (
				20691A452BCC68BA00C61A37 /* Views */,
			);
			path = Stats;
			sourceTree = "<group>";
		};
		20691A452BCC68BA00C61A37 /* Views */ = {
			isa = PBXGroup;
			children = (
				20691A462BCC68E400C61A37 /* StatsView.swift */,
				20691A5C2BCC71E400C61A37 /* StatsItemView.swift */,
			);
			path = Views;
			sourceTree = "<group>";
		};
		20691A482BCC691E00C61A37 /* Steps */ = {
			isa = PBXGroup;
			children = (
				20691A492BCC693600C61A37 /* StepsView.swift */,
			);
			path = Steps;
			sourceTree = "<group>";
		};
		20691A4B2BCC6E5800C61A37 /* WABarsView */ = {
			isa = PBXGroup;
			children = (
				20691A582BCC702800C61A37 /* WABaseView.swift */,
				20691A512BCC6ECD00C61A37 /* WABaseInfoView.swift */,
				20691A532BCC6EE400C61A37 /* WAButton.swift */,
				20691A4C2BCC6E6800C61A37 /* Views */,
				20691A4F2BCC6EAA00C61A37 /* WABarsView.swift */,
			);
			path = WABarsView;
			sourceTree = "<group>";
		};
		20691A4C2BCC6E6800C61A37 /* Views */ = {
			isa = PBXGroup;
			children = (
				20691A4D2BCC6E8600C61A37 /* WABarView.swift */,
			);
			path = Views;
			sourceTree = "<group>";
		};
		20691A552BCC6F2400C61A37 /* Base */ = {
			isa = PBXGroup;
			children = (
				20691A562BCC6F5100C61A37 /* Views */,
			);
			path = Base;
			sourceTree = "<group>";
		};
		20691A562BCC6F5100C61A37 /* Views */ = {
			isa = PBXGroup;
			children = (
				20691A4B2BCC6E5800C61A37 /* WABarsView */,
				20691A5A2BCC716000C61A37 /* WABaseController.swift */,
			);
			path = Views;
			sourceTree = "<group>";
		};
		20691A5E2BCC855200C61A37 /* PlusButton */ = {
			isa = PBXGroup;
			children = (
				207F6B252BC8785B00ABC1A8 /* PlusButton.swift */,
			);
			path = PlusButton;
			sourceTree = "<group>";
		};
		206BE3A42BC87AD300DD7CC5 /* Settings */ = {
			isa = PBXGroup;
			children = (
				205BE66A2BD478C700B319FA /* Assets.xcassets */,
				207F6B162BC8780A00ABC1A8 /* LaunchScreen.storyboard */,
				207F6B192BC8780A00ABC1A8 /* Info.plist */,
			);
			path = Settings;
			sourceTree = "<group>";
		};
		207F6AFF2BC8780900ABC1A8 = {
			isa = PBXGroup;
			children = (
				207F6B0A2BC8780900ABC1A8 /* SpeedTestNew */,
				207F6B092BC8780900ABC1A8 /* Products */,
			);
			sourceTree = "<group>";
		};
		207F6B092BC8780900ABC1A8 /* Products */ = {
			isa = PBXGroup;
			children = (
				207F6B082BC8780900ABC1A8 /* SpeedTestNew.app */,
			);
			name = Products;
			sourceTree = "<group>";
		};
		207F6B0A2BC8780900ABC1A8 /* SpeedTestNew */ = {
			isa = PBXGroup;
			children = (
				20691A312BCC65EB00C61A37 /* Extension */,
				20691A552BCC6F2400C61A37 /* Base */,
				20691A3B2BCC680500C61A37 /* Session */,
				207F6B0F2BC8780900ABC1A8 /* SessionController.swift */,
				20691A382BCC665500C61A37 /* Helpers */,
				207F6B292BC87AA600ABC1A8 /* Properties */,
				207F6B282BC879AA00ABC1A8 /* CustomTabBar */,
				20691A5E2BCC855200C61A37 /* PlusButton */,
				207F6B272BC8798500ABC1A8 /* ViewControllers */,
				206BE3A42BC87AD300DD7CC5 /* Settings */,
			);
			path = SpeedTestNew;
			sourceTree = "<group>";
		};
		207F6B272BC8798500ABC1A8 /* ViewControllers */ = {
			isa = PBXGroup;
			children = (
				207F6B1F2BC8784D00ABC1A8 /* SecondViewController.swift */,
				20AD863D2BD5AF6D0025BA83 /* MTUserDefaults.swift */,
			);
			path = ViewControllers;
			sourceTree = "<group>";
		};
		207F6B282BC879AA00ABC1A8 /* CustomTabBar */ = {
			isa = PBXGroup;
			children = (
				207F6B202BC8784D00ABC1A8 /* CustomTabBarController.swift */,
				207F6B212BC8784D00ABC1A8 /* CustomTabBar.swift */,
			);
			path = CustomTabBar;
			sourceTree = "<group>";
		};
		207F6B292BC87AA600ABC1A8 /* Properties */ = {
			isa = PBXGroup;
			children = (
				207F6B0B2BC8780900ABC1A8 /* AppDelegate.swift */,
				207F6B0D2BC8780900ABC1A8 /* SceneDelegate.swift */,
			);
			path = Properties;
			sourceTree = "<group>";
		};
/* End PBXGroup section */

/* Begin PBXNativeTarget section */
		207F6B072BC8780900ABC1A8 /* SpeedTestNew */ = {
			isa = PBXNativeTarget;
			buildConfigurationList = 207F6B1C2BC8780A00ABC1A8 /* Build configuration list for PBXNativeTarget "SpeedTestNew" */;
			buildPhases = (
				207F6B042BC8780900ABC1A8 /* Sources */,
				207F6B052BC8780900ABC1A8 /* Frameworks */,
				207F6B062BC8780900ABC1A8 /* Resources */,
			);
			buildRules = (
			);
			dependencies = (
			);
			name = SpeedTestNew;
			productName = SpeedTestNew;
			productReference = 207F6B082BC8780900ABC1A8 /* SpeedTestNew.app */;
			productType = "com.apple.product-type.application";
		};
/* End PBXNativeTarget section */

/* Begin PBXProject section */
		207F6B002BC8780900ABC1A8 /* Project object */ = {
			isa = PBXProject;
			attributes = {
				BuildIndependentTargetsInParallel = 1;
				LastSwiftUpdateCheck = 1510;
				LastUpgradeCheck = 1510;
				TargetAttributes = {
					207F6B072BC8780900ABC1A8 = {
						CreatedOnToolsVersion = 15.1;
					};
				};
			};
			buildConfigurationList = 207F6B032BC8780900ABC1A8 /* Build configuration list for PBXProject "SpeedTestNew" */;
			compatibilityVersion = "Xcode 14.0";
			developmentRegion = en;
			hasScannedForEncodings = 0;
			knownRegions = (
				en,
				Base,
			);
			mainGroup = 207F6AFF2BC8780900ABC1A8;
			productRefGroup = 207F6B092BC8780900ABC1A8 /* Products */;
			projectDirPath = "";
			projectRoot = "";
			targets = (
				207F6B072BC8780900ABC1A8 /* SpeedTestNew */,
			);
		};
/* End PBXProject section */

/* Begin PBXResourcesBuildPhase section */
		207F6B062BC8780900ABC1A8 /* Resources */ = {
			isa = PBXResourcesBuildPhase;
			buildActionMask = 2147483647;
			files = (
				205BE66B2BD478C700B319FA /* Assets.xcassets in Resources */,
				207F6B182BC8780A00ABC1A8 /* LaunchScreen.storyboard in Resources */,
			);
			runOnlyForDeploymentPostprocessing = 0;
		};
/* End PBXResourcesBuildPhase section */

/* Begin PBXSourcesBuildPhase section */
		207F6B042BC8780900ABC1A8 /* Sources */ = {
			isa = PBXSourcesBuildPhase;
			buildActionMask = 2147483647;
			files = (
				207F6B222BC8784D00ABC1A8 /* SecondViewController.swift in Sources */,
				20691A352BCC662000C61A37 /* UIView + ext.swift in Sources */,
				20AD863E2BD5AF6D0025BA83 /* MTUserDefaults.swift in Sources */,
				20691A4E2BCC6E8600C61A37 /* WABarView.swift in Sources */,
				207F6B102BC8780900ABC1A8 /* SessionController.swift in Sources */,
				207F6B232BC8784D00ABC1A8 /* CustomTabBarController.swift in Sources */,
				20691A4A2BCC693700C61A37 /* StepsView.swift in Sources */,
				20691A502BCC6EAA00C61A37 /* WABarsView.swift in Sources */,
				20691A592BCC702800C61A37 /* WABaseView.swift in Sources */,
				20691A432BCC687A00C61A37 /* PercentView.swift in Sources */,
				207F6B0C2BC8780900ABC1A8 /* AppDelegate.swift in Sources */,
				20691A3F2BCC683F00C61A37 /* TimerView.swift in Sources */,
				20691A5D2BCC71E400C61A37 /* StatsItemView.swift in Sources */,
				20691A3A2BCC666A00C61A37 /* Resouces.swift in Sources */,
				207F6B262BC8785B00ABC1A8 /* PlusButton.swift in Sources */,
				20691A5B2BCC716000C61A37 /* WABaseController.swift in Sources */,
				20691A542BCC6EE400C61A37 /* WAButton.swift in Sources */,
				207F6B242BC8784D00ABC1A8 /* CustomTabBar.swift in Sources */,
				20691A472BCC68E400C61A37 /* StatsView.swift in Sources */,
				207F6B0E2BC8780900ABC1A8 /* SceneDelegate.swift in Sources */,
				20691A332BCC660B00C61A37 /* UIColor + ext.swift in Sources */,
				20691A412BCC686100C61A37 /* ProgressView.swift in Sources */,
				20691A522BCC6ECD00C61A37 /* WABaseInfoView.swift in Sources */,
			);
			runOnlyForDeploymentPostprocessing = 0;
		};
/* End PBXSourcesBuildPhase section */

/* Begin PBXVariantGroup section */
		207F6B162BC8780A00ABC1A8 /* LaunchScreen.storyboard */ = {
			isa = PBXVariantGroup;
			children = (
				207F6B172BC8780A00ABC1A8 /* Base */,
			);
			name = LaunchScreen.storyboard;
			sourceTree = "<group>";
		};
/* End PBXVariantGroup section */

/* Begin XCBuildConfiguration section */
		207F6B1A2BC8780A00ABC1A8 /* Debug */ = {
			isa = XCBuildConfiguration;
			buildSettings = {
				ALWAYS_SEARCH_USER_PATHS = NO;
				ASSETCATALOG_COMPILER_GENERATE_SWIFT_ASSET_SYMBOL_EXTENSIONS = YES;
				CLANG_ANALYZER_NONNULL = YES;
				CLANG_ANALYZER_NUMBER_OBJECT_CONVERSION = YES_AGGRESSIVE;
				CLANG_CXX_LANGUAGE_STANDARD = "gnu++20";
				CLANG_ENABLE_MODULES = YES;
				CLANG_ENABLE_OBJC_ARC = YES;
				CLANG_ENABLE_OBJC_WEAK = YES;
				CLANG_WARN_BLOCK_CAPTURE_AUTORELEASING = YES;
				CLANG_WARN_BOOL_CONVERSION = YES;
				CLANG_WARN_COMMA = YES;
				CLANG_WARN_CONSTANT_CONVERSION = YES;
				CLANG_WARN_DEPRECATED_OBJC_IMPLEMENTATIONS = YES;
				CLANG_WARN_DIRECT_OBJC_ISA_USAGE = YES_ERROR;
				CLANG_WARN_DOCUMENTATION_COMMENTS = YES;
				CLANG_WARN_EMPTY_BODY = YES;
				CLANG_WARN_ENUM_CONVERSION = YES;
				CLANG_WARN_INFINITE_RECURSION = YES;
				CLANG_WARN_INT_CONVERSION = YES;
				CLANG_WARN_NON_LITERAL_NULL_CONVERSION = YES;
				CLANG_WARN_OBJC_IMPLICIT_RETAIN_SELF = YES;
				CLANG_WARN_OBJC_LITERAL_CONVERSION = YES;
				CLANG_WARN_OBJC_ROOT_CLASS = YES_ERROR;
				CLANG_WARN_QUOTED_INCLUDE_IN_FRAMEWORK_HEADER = YES;
				CLANG_WARN_RANGE_LOOP_ANALYSIS = YES;
				CLANG_WARN_STRICT_PROTOTYPES = YES;
				CLANG_WARN_SUSPICIOUS_MOVE = YES;
				CLANG_WARN_UNGUARDED_AVAILABILITY = YES_AGGRESSIVE;
				CLANG_WARN_UNREACHABLE_CODE = YES;
				CLANG_WARN__DUPLICATE_METHOD_MATCH = YES;
				COPY_PHASE_STRIP = NO;
				DEBUG_INFORMATION_FORMAT = dwarf;
				ENABLE_STRICT_OBJC_MSGSEND = YES;
				ENABLE_TESTABILITY = YES;
				ENABLE_USER_SCRIPT_SANDBOXING = YES;
				GCC_C_LANGUAGE_STANDARD = gnu17;
				GCC_DYNAMIC_NO_PIC = NO;
				GCC_NO_COMMON_BLOCKS = YES;
				GCC_OPTIMIZATION_LEVEL = 0;
				GCC_PREPROCESSOR_DEFINITIONS = (
					"DEBUG=1",
					"$(inherited)",
				);
				GCC_WARN_64_TO_32_BIT_CONVERSION = YES;
				GCC_WARN_ABOUT_RETURN_TYPE = YES_ERROR;
				GCC_WARN_UNDECLARED_SELECTOR = YES;
				GCC_WARN_UNINITIALIZED_AUTOS = YES_AGGRESSIVE;
				GCC_WARN_UNUSED_FUNCTION = YES;
				GCC_WARN_UNUSED_VARIABLE = YES;
				IPHONEOS_DEPLOYMENT_TARGET = 17.2;
				LOCALIZATION_PREFERS_STRING_CATALOGS = YES;
				MTL_ENABLE_DEBUG_INFO = INCLUDE_SOURCE;
				MTL_FAST_MATH = YES;
				ONLY_ACTIVE_ARCH = YES;
				SDKROOT = iphoneos;
				SWIFT_ACTIVE_COMPILATION_CONDITIONS = "DEBUG $(inherited)";
				SWIFT_OPTIMIZATION_LEVEL = "-Onone";
			};
			name = Debug;
		};
		207F6B1B2BC8780A00ABC1A8 /* Release */ = {
			isa = XCBuildConfiguration;
			buildSettings = {
				ALWAYS_SEARCH_USER_PATHS = NO;
				ASSETCATALOG_COMPILER_GENERATE_SWIFT_ASSET_SYMBOL_EXTENSIONS = YES;
				CLANG_ANALYZER_NONNULL = YES;
				CLANG_ANALYZER_NUMBER_OBJECT_CONVERSION = YES_AGGRESSIVE;
				CLANG_CXX_LANGUAGE_STANDARD = "gnu++20";
				CLANG_ENABLE_MODULES = YES;
				CLANG_ENABLE_OBJC_ARC = YES;
				CLANG_ENABLE_OBJC_WEAK = YES;
				CLANG_WARN_BLOCK_CAPTURE_AUTORELEASING = YES;
				CLANG_WARN_BOOL_CONVERSION = YES;
				CLANG_WARN_COMMA = YES;
				CLANG_WARN_CONSTANT_CONVERSION = YES;
				CLANG_WARN_DEPRECATED_OBJC_IMPLEMENTATIONS = YES;
				CLANG_WARN_DIRECT_OBJC_ISA_USAGE = YES_ERROR;
				CLANG_WARN_DOCUMENTATION_COMMENTS = YES;
				CLANG_WARN_EMPTY_BODY = YES;
				CLANG_WARN_ENUM_CONVERSION = YES;
				CLANG_WARN_INFINITE_RECURSION = YES;
				CLANG_WARN_INT_CONVERSION = YES;
				CLANG_WARN_NON_LITERAL_NULL_CONVERSION = YES;
				CLANG_WARN_OBJC_IMPLICIT_RETAIN_SELF = YES;
				CLANG_WARN_OBJC_LITERAL_CONVERSION = YES;
				CLANG_WARN_OBJC_ROOT_CLASS = YES_ERROR;
				CLANG_WARN_QUOTED_INCLUDE_IN_FRAMEWORK_HEADER = YES;
				CLANG_WARN_RANGE_LOOP_ANALYSIS = YES;
				CLANG_WARN_STRICT_PROTOTYPES = YES;
				CLANG_WARN_SUSPICIOUS_MOVE = YES;
				CLANG_WARN_UNGUARDED_AVAILABILITY = YES_AGGRESSIVE;
				CLANG_WARN_UNREACHABLE_CODE = YES;
				CLANG_WARN__DUPLICATE_METHOD_MATCH = YES;
				COPY_PHASE_STRIP = NO;
				DEBUG_INFORMATION_FORMAT = "dwarf-with-dsym";
				ENABLE_NS_ASSERTIONS = NO;
				ENABLE_STRICT_OBJC_MSGSEND = YES;
				ENABLE_USER_SCRIPT_SANDBOXING = YES;
				GCC_C_LANGUAGE_STANDARD = gnu17;
				GCC_NO_COMMON_BLOCKS = YES;
				GCC_WARN_64_TO_32_BIT_CONVERSION = YES;
				GCC_WARN_ABOUT_RETURN_TYPE = YES_ERROR;
				GCC_WARN_UNDECLARED_SELECTOR = YES;
				GCC_WARN_UNINITIALIZED_AUTOS = YES_AGGRESSIVE;
				GCC_WARN_UNUSED_FUNCTION = YES;
				GCC_WARN_UNUSED_VARIABLE = YES;
				IPHONEOS_DEPLOYMENT_TARGET = 17.2;
				LOCALIZATION_PREFERS_STRING_CATALOGS = YES;
				MTL_ENABLE_DEBUG_INFO = NO;
				MTL_FAST_MATH = YES;
				SDKROOT = iphoneos;
				SWIFT_COMPILATION_MODE = wholemodule;
				VALIDATE_PRODUCT = YES;
			};
			name = Release;
		};
		207F6B1D2BC8780A00ABC1A8 /* Debug */ = {
			isa = XCBuildConfiguration;
			buildSettings = {
				ASSETCATALOG_COMPILER_APPICON_NAME = AppIcon;
				ASSETCATALOG_COMPILER_GLOBAL_ACCENT_COLOR_NAME = AccentColor;
				CODE_SIGN_STYLE = Automatic;
				CURRENT_PROJECT_VERSION = 1;
				DEVELOPMENT_TEAM = W2P9X4349P;
				GENERATE_INFOPLIST_FILE = YES;
				INFOPLIST_FILE = SpeedTestNew/Settings/Info.plist;
				INFOPLIST_KEY_UIApplicationSupportsIndirectInputEvents = YES;
				INFOPLIST_KEY_UILaunchStoryboardName = LaunchScreen;
				INFOPLIST_KEY_UISupportedInterfaceOrientations_iPad = "UIInterfaceOrientationPortrait UIInterfaceOrientationPortraitUpsideDown UIInterfaceOrientationLandscapeLeft UIInterfaceOrientationLandscapeRight";
				INFOPLIST_KEY_UISupportedInterfaceOrientations_iPhone = "UIInterfaceOrientationPortrait UIInterfaceOrientationLandscapeLeft UIInterfaceOrientationLandscapeRight";
				LD_RUNPATH_SEARCH_PATHS = (
					"$(inherited)",
					"@executable_path/Frameworks",
				);
				MARKETING_VERSION = 1.0;
				PRODUCT_BUNDLE_IDENTIFIER = "grinkonikolka-yandex.ru.SpeedTestNew";
				PRODUCT_NAME = "$(TARGET_NAME)";
				SWIFT_EMIT_LOC_STRINGS = YES;
				SWIFT_VERSION = 5.0;
				TARGETED_DEVICE_FAMILY = "1,2";
			};
			name = Debug;
		};
		207F6B1E2BC8780A00ABC1A8 /* Release */ = {
			isa = XCBuildConfiguration;
			buildSettings = {
				ASSETCATALOG_COMPILER_APPICON_NAME = AppIcon;
				ASSETCATALOG_COMPILER_GLOBAL_ACCENT_COLOR_NAME = AccentColor;
				CODE_SIGN_STYLE = Automatic;
				CURRENT_PROJECT_VERSION = 1;
				DEVELOPMENT_TEAM = W2P9X4349P;
				GENERATE_INFOPLIST_FILE = YES;
				INFOPLIST_FILE = SpeedTestNew/Settings/Info.plist;
				INFOPLIST_KEY_UIApplicationSupportsIndirectInputEvents = YES;
				INFOPLIST_KEY_UILaunchStoryboardName = LaunchScreen;
				INFOPLIST_KEY_UISupportedInterfaceOrientations_iPad = "UIInterfaceOrientationPortrait UIInterfaceOrientationPortraitUpsideDown UIInterfaceOrientationLandscapeLeft UIInterfaceOrientationLandscapeRight";
				INFOPLIST_KEY_UISupportedInterfaceOrientations_iPhone = "UIInterfaceOrientationPortrait UIInterfaceOrientationLandscapeLeft UIInterfaceOrientationLandscapeRight";
				LD_RUNPATH_SEARCH_PATHS = (
					"$(inherited)",
					"@executable_path/Frameworks",
				);
				MARKETING_VERSION = 1.0;
				PRODUCT_BUNDLE_IDENTIFIER = "grinkonikolka-yandex.ru.SpeedTestNew";
				PRODUCT_NAME = "$(TARGET_NAME)";
				SWIFT_EMIT_LOC_STRINGS = YES;
				SWIFT_VERSION = 5.0;
				TARGETED_DEVICE_FAMILY = "1,2";
			};
			name = Release;
		};
/* End XCBuildConfiguration section */

/* Begin XCConfigurationList section */
		207F6B032BC8780900ABC1A8 /* Build configuration list for PBXProject "SpeedTestNew" */ = {
			isa = XCConfigurationList;
			buildConfigurations = (
				207F6B1A2BC8780A00ABC1A8 /* Debug */,
				207F6B1B2BC8780A00ABC1A8 /* Release */,
			);
			defaultConfigurationIsVisible = 0;
			defaultConfigurationName = Release;
		};
		207F6B1C2BC8780A00ABC1A8 /* Build configuration list for PBXNativeTarget "SpeedTestNew" */ = {
			isa = XCConfigurationList;
			buildConfigurations = (
				207F6B1D2BC8780A00ABC1A8 /* Debug */,
				207F6B1E2BC8780A00ABC1A8 /* Release */,
			);
			defaultConfigurationIsVisible = 0;
			defaultConfigurationName = Release;
		};
/* End XCConfigurationList section */
	};
	rootObject = 207F6B002BC8780900ABC1A8 /* Project object */;
}
